
Microsoft Visual Studio Solution File, Format Version 12.00
# Visual Studio Version 17
VisualStudioVersion = 17.13.35931.197 d17.13
MinimumVisualStudioVersion = 10.0.40219.1
Project("{FAE04EC0-301F-11D3-BF4B-00C04F79EFBC}") = "GirisKayit1_story", "GirisKayit1_story\GirisKayit1_story.csproj", "{865283D3-635C-441E-B8F8-21C844BCC0AF}"
EndProject
Global
	GlobalSection(SolutionConfigurationPlatforms) = preSolution
		Debug|Any CPU = Debug|Any CPU
		Release|Any CPU = Release|Any CPU
	EndGlobalSection
	GlobalSection(ProjectConfigurationPlatforms) = postSolution
		{865283D3-635C-441E-B8F8-21C844BCC0AF}.Debug|Any CPU.ActiveCfg = Debug|Any CPU
		{865283D3-635C-441E-B8F8-21C844BCC0AF}.Debug|Any CPU.Build.0 = Debug|Any CPU
		{865283D3-635C-441E-B8F8-21C844BCC0AF}.Release|Any CPU.ActiveCfg = Release|Any CPU
		{865283D3-635C-441E-B8F8-21C844BCC0AF}.Release|Any CPU.Build.0 = Release|Any CPU
	EndGlobalSection
	GlobalSection(SolutionProperties) = preSolution
		HideSolutionNode = FALSE
	EndGlobalSection
	GlobalSection(ExtensibilityGlobals) = postSolution
		SolutionGuid = {95CB9164-359B-4E51-B1B5-2A27F527329B}
	EndGlobalSection
EndGlobal
